Microsoft Visual Studio Solution File, Format Version 12.00
# Visual Studio 15
Project("{FAE04EC0-301F-11D3-BF4B-00C04F79EFBC}") = "AspnetTest", "AspnetTest\AspnetTest.csproj", "{F233A242-3C27-4FD2-9CA1-EF1B9571D912}"
EndProject
Global
	GlobalSection(SolutionConfigurationPlatforms) = preSolution
		Debug|Any CPU = Debug|Any CPU
		Release|Any CPU = Release|Any CPU
	EndGlobalSection
	GlobalSection(ProjectConfigurationPlatforms) = postSolution
		{F233A242-3C27-4FD2-9CA1-EF1B9571D912}.Debug|Any CPU.ActiveCfg = Debug|Any CPU
		{F233A242-3C27-4FD2-9CA1-EF1B9571D912}.Debug|Any CPU.Build.0 = Debug|Any CPU
		{F233A242-3C27-4FD2-9CA1-EF1B9571D912}.Release|Any CPU.ActiveCfg = Release|Any CPU
		{F233A242-3C27-4FD2-9CA1-EF1B9571D912}.Release|Any CPU.Build.0 = Release|Any CPU
	EndGlobalSection
EndGlobal
